
Microsoft Visual Studio Solution File, Format Version 12.00
# Visual Studio Version 16
VisualStudioVersion = 16.0.31229.75
MinimumVisualStudioVersion = 10.0.40219.1
Project("{FAE04EC0-301F-11D3-BF4B-00C04F79EFBC}") = "WorldEditor", "WorldEditor\WorldEditor.csproj", "{598AFD63-7A03-4197-9DEA-E37CA1563AAB}"
EndProject
Project("{FAE04EC0-301F-11D3-BF4B-00C04F79EFBC}") = "Nibble4", "Nibble4\Nibble4.csproj", "{C6335EEB-408E-4672-9B24-45CA08775D23}"
EndProject
Project("{FAE04EC0-301F-11D3-BF4B-00C04F79EFBC}") = "DemoConsole", "DemoConsole\DemoConsole.csproj", "{4AC10B15-B78F-413F-B4A9-5D3D746A99A6}"
EndProject
Global
	GlobalSection(SolutionConfigurationPlatforms) = preSolution
		Debug|Any CPU = Debug|Any CPU
		Debug|x64 = Debug|x64
		Release|Any CPU = Release|Any CPU
		Release|x64 = Release|x64
	EndGlobalSection
	GlobalSection(ProjectConfigurationPlatforms) = postSolution
		{598AFD63-7A03-4197-9DEA-E37CA1563AAB}.Debug|Any CPU.ActiveCfg = Debug|Any CPU
		{598AFD63-7A03-4197-9DEA-E37CA1563AAB}.Debug|Any CPU.Build.0 = Debug|Any CPU
		{598AFD63-7A03-4197-9DEA-E37CA1563AAB}.Debug|x64.ActiveCfg = Debug|x64
		{598AFD63-7A03-4197-9DEA-E37CA1563AAB}.Debug|x64.Build.0 = Debug|x64
		{598AFD63-7A03-4197-9DEA-E37CA1563AAB}.Release|Any CPU.ActiveCfg = Release|Any CPU
		{598AFD63-7A03-4197-9DEA-E37CA1563AAB}.Release|Any CPU.Build.0 = Release|Any CPU
		{598AFD63-7A03-4197-9DEA-E37CA1563AAB}.Release|x64.ActiveCfg = Release|x64
		{598AFD63-7A03-4197-9DEA-E37CA1563AAB}.Release|x64.Build.0 = Release|x64
		{C6335EEB-408E-4672-9B24-45CA08775D23}.Debug|Any CPU.ActiveCfg = Debug|Any CPU
		{C6335EEB-408E-4672-9B24-45CA08775D23}.Debug|Any CPU.Build.0 = Debug|Any CPU
		{C6335EEB-408E-4672-9B24-45CA08775D23}.Debug|x64.ActiveCfg = Debug|x64
		{C6335EEB-408E-4672-9B24-45CA08775D23}.Debug|x64.Build.0 = Debug|x64
		{C6335EEB-408E-4672-9B24-45CA08775D23}.Release|Any CPU.ActiveCfg = Release|Any CPU
		{C6335EEB-408E-4672-9B24-45CA08775D23}.Release|Any CPU.Build.0 = Release|Any CPU
		{C6335EEB-408E-4672-9B24-45CA08775D23}.Release|x64.ActiveCfg = Release|x64
		{C6335EEB-408E-4672-9B24-45CA08775D23}.Release|x64.Build.0 = Release|x64
		{4AC10B15-B78F-413F-B4A9-5D3D746A99A6}.Debug|Any CPU.ActiveCfg = Debug|Any CPU
		{4AC10B15-B78F-413F-B4A9-5D3D746A99A6}.Debug|Any CPU.Build.0 = Debug|Any CPU
		{4AC10B15-B78F-413F-B4A9-5D3D746A99A6}.Debug|x64.ActiveCfg = Debug|Any CPU
		{4AC10B15-B78F-413F-B4A9-5D3D746A99A6}.Debug|x64.Build.0 = Debug|Any CPU
		{4AC10B15-B78F-413F-B4A9-5D3D746A99A6}.Release|Any CPU.ActiveCfg = Release|Any CPU
		{4AC10B15-B78F-413F-B4A9-5D3D746A99A6}.Release|Any CPU.Build.0 = Release|Any CPU
		{4AC10B15-B78F-413F-B4A9-5D3D746A99A6}.Release|x64.ActiveCfg = Release|x64
		{4AC10B15-B78F-413F-B4A9-5D3D746A99A6}.Release|x64.Build.0 = Release|x64
	EndGlobalSection
	GlobalSection(SolutionProperties) = preSolution
		HideSolutionNode = FALSE
	EndGlobalSection
	GlobalSection(ExtensibilityGlobals) = postSolution
		SolutionGuid = {46EE2F07-CF05-4A63-9AEC-03D320F025EA}
	EndGlobalSection
EndGlobal
